// !$*UTF8*$!
{
	archiveVersion = 1;
	classes = {
	};
	objectVersion = 50;
	objects = {

/* Begin PBXBuildFile section */
		EE2F0CD02235EFCD0040941A /* AppDelegate.swift in Sources */ = {isa = PBXBuildFile; fileRef = EE2F0CCF2235EFCD0040941A /* AppDelegate.swift */; };
		EE2F0CD22235EFCD0040941A /* ViewController.swift in Sources */ = {isa = PBXBuildFile; fileRef = EE2F0CD12235EFCD0040941A /* ViewController.swift */; };
		EE2F0CD52235EFCD0040941A /* Main.storyboard in Resources */ = {isa = PBXBuildFile; fileRef = EE2F0CD32235EFCD0040941A /* Main.storyboard */; };
		EE2F0CD72235EFD10040941A /* Assets.xcassets in Resources */ = {isa = PBXBuildFile; fileRef = EE2F0CD62235EFD10040941A /* Assets.xcassets */; };
		EE2F0CDA2235EFD10040941A /* LaunchScreen.storyboard in Resources */ = {isa = PBXBuildFile; fileRef = EE2F0CD82235EFD10040941A /* LaunchScreen.storyboard */; };
		EE2F0CE52235EFD10040941A /* project1Tests.swift in Sources */ = {isa = PBXBuildFile; fileRef = EE2F0CE42235EFD10040941A /* project1Tests.swift */; };
		EE2F0CF02235EFD10040941A /* project1UITests.swift in Sources */ = {isa = PBXBuildFile; fileRef = EE2F0CEF2235EFD10040941A /* project1UITests.swift */; };
/* End PBXBuildFile section */

/* Begin PBXContainerItemProxy section */
		EE2F0CE12235EFD10040941A /* PBXContainerItemProxy */ = {
			isa = PBXContainerItemProxy;
			containerPortal = EE2F0CC42235EFCD0040941A /* Project object */;
			proxyType = 1;
			remoteGlobalIDString = EE2F0CCB2235EFCD0040941A;
			remoteInfo = project1;
		};
		EE2F0CEC2235EFD10040941A /* PBXContainerItemProxy */ = {
			isa = PBXContainerItemProxy;
			containerPortal = EE2F0CC42235EFCD0040941A /* Project object */;
			proxyType = 1;
			remoteGlobalIDString = EE2F0CCB2235EFCD0040941A;
			remoteInfo = project1;
		};
/* End PBXContainerItemProxy section */

/* Begin PBXFileReference section */
		EE2F0CCC2235EFCD0040941A /* project1.app */ = {isa = PBXFileReference; explicitFileType = wrapper.application; includeInIndex = 0; path = project1.app; sourceTree = BUILT_PRODUCTS_DIR; };
		EE2F0CCF2235EFCD0040941A /* AppDelegate.swift */ = {isa = PBXFileReference; lastKnownFileType = sourcecode.swift; path = AppDelegate.swift; sourceTree = "<group>"; };
		EE2F0CD12235EFCD0040941A /* ViewController.swift */ = {isa = PBXFileReference; lastKnownFileType = sourcecode.swift; path = ViewController.swift; sourceTree = "<group>"; };
		EE2F0CD42235EFCD0040941A /* Base */ = {isa = PBXFileReference; lastKnownFileType = file.storyboard; name = Base; path = Base.lproj/Main.storyboard; sourceTree = "<group>"; };
		EE2F0CD62235EFD10040941A /* Assets.xcassets */ = {isa = PBXFileReference; lastKnownFileType = folder.assetcatalog; path = Assets.xcassets; sourceTree = "<group>"; };
		EE2F0CD92235EFD10040941A /* Base */ = {isa = PBXFileReference; lastKnownFileType = file.storyboard; name = Base; path = Base.lproj/LaunchScreen.storyboard; sourceTree = "<group>"; };
		EE2F0CDB2235EFD10040941A /* Info.plist */ = {isa = PBXFileReference; lastKnownFileType = text.plist.xml; path = Info.plist; sourceTree = "<group>"; };
		EE2F0CE02235EFD10040941A /* project1Tests.xctest */ = {isa = PBXFileReference; explicitFileType = wrapper.cfbundle; includeInIndex = 0; path = project1Tests.xctest; sourceTree = BUILT_PRODUCTS_DIR; };
		EE2F0CE42235EFD10040941A /* project1Tests.swift */ = {isa = PBXFileReference; lastKnownFileType = sourcecode.swift; path = project1Tests.swift; sourceTree = "<group>"; };
		EE2F0CE62235EFD10040941A /* Info.plist */ = {isa = PBXFileReference; lastKnownFileType = text.plist.xml; path = Info.plist; sourceTree = "<group>"; };
		EE2F0CEB2235EFD10040941A /* project1UITests.xctest */ = {isa = PBXFileReference; explicitFileType = wrapper.cfbundle; includeInIndex = 0; path = project1UITests.xctest; sourceTree = BUILT_PRODUCTS_DIR; };
		EE2F0CEF2235EFD10040941A /* project1UITests.swift */ = {isa = PBXFileReference; lastKnownFileType = sourcecode.swift; path = project1UITests.swift; sourceTree = "<group>"; };
		EE2F0CF12235EFD10040941A /* Info.plist */ = {isa = PBXFileReference; lastKnownFileType = text.plist.xml; path = Info.plist; sourceTree = "<group>"; };
/* End PBXFileReference section */

/* Begin PBXFrameworksBuildPhase section */
		EE2F0CC92235EFCD0040941A /* Frameworks */ = {
			isa = PBXFrameworksBuildPhase;
			buildActionMask = 2147483647;
			files = (
			);
			runOnlyForDeploymentPostprocessing = 0;
		};
		EE2F0CDD2235EFD10040941A /* Frameworks */ = {
			isa = PBXFrameworksBuildPhase;
			buildActionMask = 2147483647;
			files = (
			);
			runOnlyForDeploymentPostprocessing = 0;
		};
		EE2F0CE82235EFD10040941A /* Frameworks */ = {
			isa = PBXFrameworksBuildPhase;
			buildActionMask = 2147483647;
			files = (
			);
			runOnlyForDeploymentPostprocessing = 0;
		};
/* End PBXFrameworksBuildPhase section */

/* Begin PBXGroup section */
		EE2F0CC32235EFCD0040941A = {
			isa = PBXGroup;
			children = (
				EE2F0CCE2235EFCD0040941A /* project1 */,
				EE2F0CE32235EFD10040941A /* project1Tests */,
				EE2F0CEE2235EFD10040941A /* project1UITests */,
				EE2F0CCD2235EFCD0040941A /* Products */,
			);
			sourceTree = "<group>";
		};
		EE2F0CCD2235EFCD0040941A /* Products */ = {
			isa = PBXGroup;
			children = (
				EE2F0CCC2235EFCD0040941A /* project1.app */,
				EE2F0CE02235EFD10040941A /* project1Tests.xctest */,
				EE2F0CEB2235EFD10040941A /* project1UITests.xctest */,
			);
			name = Products;
			sourceTree = "<group>";
		};
		EE2F0CCE2235EFCD0040941A /* project1 */ = {
			isa = PBXGroup;
			children = (
				EE2F0CCF2235EFCD0040941A /* AppDelegate.swift */,
				EE2F0CD12235EFCD0040941A /* ViewController.swift */,
				EE2F0CD32235EFCD0040941A /* Main.storyboard */,
				EE2F0CD62235EFD10040941A /* Assets.xcassets */,
				EE2F0CD82235EFD10040941A /* LaunchScreen.storyboard */,
				EE2F0CDB2235EFD10040941A /* Info.plist */,
			);
			path = project1;
			sourceTree = "<group>";
		};
		EE2F0CE32235EFD10040941A /* project1Tests */ = {
			isa = PBXGroup;
			children = (
				EE2F0CE42235EFD10040941A /* project1Tests.swift */,
				EE2F0CE62235EFD10040941A /* Info.plist */,
			);
			path = project1Tests;
			sourceTree = "<group>";
		};
		EE2F0CEE2235EFD10040941A /* project1UITests */ = {
			isa = PBXGroup;
			children = (
				EE2F0CEF2235EFD10040941A /* project1UITests.swift */,
				EE2F0CF12235EFD10040941A /* Info.plist */,
			);
			path = project1UITests;
			sourceTree = "<group>";
		};
/* End PBXGroup section */

/* Begin PBXNativeTarget section */
		EE2F0CCB2235EFCD0040941A /* project1 */ = {
			isa = PBXNativeTarget;
			buildConfigurationList = EE2F0CF42235EFD10040941A /* Build configuration list for PBXNativeTarget "project1" */;
			buildPhases = (
				EE2F0CC82235EFCD0040941A /* Sources */,
				EE2F0CC92235EFCD0040941A /* Frameworks */,
				EE2F0CCA2235EFCD0040941A /* Resources */,
			);
			buildRules = (
			);
			dependencies = (
			);
			name = project1;
			productName = project1;
			productReference = EE2F0CCC2235EFCD0040941A /* project1.app */;
			productType = "com.apple.product-type.application";
		};
		EE2F0CDF2235EFD10040941A /* project1Tests */ = {
			isa = PBXNativeTarget;
			buildConfigurationList = EE2F0CF72235EFD10040941A /* Build configuration list for PBXNativeTarget "project1Tests" */;
			buildPhases = (
				EE2F0CDC2235EFD10040941A /* Sources */,
				EE2F0CDD2235EFD10040941A /* Frameworks */,
				EE2F0CDE2235EFD10040941A /* Resources */,
			);
			buildRules = (
			);
			dependencies = (
				EE2F0CE22235EFD10040941A /* PBXTargetDependency */,
			);
			name = project1Tests;
			productName = project1Tests;
			productReference = EE2F0CE02235EFD10040941A /* project1Tests.xctest */;
			productType = "com.apple.product-type.bundle.unit-test";
		};
		EE2F0CEA2235EFD10040941A /* project1UITests */ = {
			isa = PBXNativeTarget;
			buildConfigurationList = EE2F0CFA2235EFD10040941A /* Build configuration list for PBXNativeTarget "project1UITests" */;
			buildPhases = (
				EE2F0CE72235EFD10040941A /* Sources */,
				EE2F0CE82235EFD10040941A /* Frameworks */,
				EE2F0CE92235EFD10040941A /* Resources */,
			);
			buildRules = (
			);
			dependencies = (
				EE2F0CED2235EFD10040941A /* PBXTargetDependency */,
			);
			name = project1UITests;
			productName = project1UITests;
			productReference = EE2F0CEB2235EFD10040941A /* project1UITests.xctest */;
			productType = "com.apple.product-type.bundle.ui-testing";
		};
/* End PBXNativeTarget section */

/* Begin PBXProject section */
		EE2F0CC42235EFCD0040941A /* Project object */ = {
			isa = PBXProject;
			attributes = {
				LastSwiftUpdateCheck = 1010;
				LastUpgradeCheck = 1010;
				ORGANIZATIONNAME = "Syed Kalam";
				TargetAttributes = {
					EE2F0CCB2235EFCD0040941A = {
						CreatedOnToolsVersion = 10.1;
					};
					EE2F0CDF2235EFD10040941A = {
						CreatedOnToolsVersion = 10.1;
						TestTargetID = EE2F0CCB2235EFCD0040941A;
					};
					EE2F0CEA2235EFD10040941A = {
						CreatedOnToolsVersion = 10.1;
						TestTargetID = EE2F0CCB2235EFCD0040941A;
					};
				};
			};
			buildConfigurationList = EE2F0CC72235EFCD0040941A /* Build configuration list for PBXProject "project1" */;
			compatibilityVersion = "Xcode 9.3";
			developmentRegion = en;
			hasScannedForEncodings = 0;
			knownRegions = (
				en,
				Base,
			);
			mainGroup = EE2F0CC32235EFCD0040941A;
			productRefGroup = EE2F0CCD2235EFCD0040941A /* Products */;
			projectDirPath = "";
			projectRoot = "";
			targets = (
				EE2F0CCB2235EFCD0040941A /* project1 */,
				EE2F0CDF2235EFD10040941A /* project1Tests */,
				EE2F0CEA2235EFD10040941A /* project1UITests */,
			);
		};
/* End PBXProject section */

/* Begin PBXResourcesBuildPhase section */
		EE2F0CCA2235EFCD0040941A /* Resources */ = {
			isa = PBXResourcesBuildPhase;
			buildActionMask = 2147483647;
			files = (
				EE2F0CDA2235EFD10040941A /* LaunchScreen.storyboard in Resources */,
				EE2F0CD72235EFD10040941A /* Assets.xcassets in Resources */,
				EE2F0CD52235EFCD0040941A /* Main.storyboard in Resources */,
			);
			runOnlyForDeploymentPostprocessing = 0;
		};
		EE2F0CDE2235EFD10040941A /* Resources */ = {
			isa = PBXResourcesBuildPhase;
			buildActionMask = 2147483647;
			files = (
			);
			runOnlyForDeploymentPostprocessing = 0;
		};
		EE2F0CE92235EFD10040941A /* Resources */ = {
			isa = PBXResourcesBuildPhase;
			buildActionMask = 2147483647;
			files = (
			);
			runOnlyForDeploymentPostprocessing = 0;
		};
/* End PBXResourcesBuildPhase section */

/* Begin PBXSourcesBuildPhase section */
		EE2F0CC82235EFCD0040941A /* Sources */ = {
			isa = PBXSourcesBuildPhase;
			buildActionMask = 2147483647;
			files = (
				EE2F0CD22235EFCD0040941A /* ViewController.swift in Sources */,
				EE2F0CD02235EFCD0040941A /* AppDelegate.swift in Sources */,
			);
			runOnlyForDeploymentPostprocessing = 0;
		};
		EE2F0CDC2235EFD10040941A /* Sources */ = {
			isa = PBXSourcesBuildPhase;
			buildActionMask = 2147483647;
			files = (
				EE2F0CE52235EFD10040941A /* project1Tests.swift in Sources */,
			);
			runOnlyForDeploymentPostprocessing = 0;
		};
		EE2F0CE72235EFD10040941A /* Sources */ = {
			isa = PBXSourcesBuildPhase;
			buildActionMask = 2147483647;
			files = (
				EE2F0CF02235EFD10040941A /* project1UITests.swift in Sources */,
			);
			runOnlyForDeploymentPostprocessing = 0;
		};
/* End PBXSourcesBuildPhase section */

/* Begin PBXTargetDependency section */
		EE2F0CE22235EFD10040941A /* PBXTargetDependency */ = {
			isa = PBXTargetDependency;
			target = EE2F0CCB2235EFCD0040941A /* project1 */;
			targetProxy = EE2F0CE12235EFD10040941A /* PBXContainerItemProxy */;
		};
		EE2F0CED2235EFD10040941A /* PBXTargetDependency */ = {
			isa = PBXTargetDependency;
			target = EE2F0CCB2235EFCD0040941A /* project1 */;
			targetProxy = EE2F0CEC2235EFD10040941A /* PBXContainerItemProxy */;
		};
/* End PBXTargetDependency section */

/* Begin PBXVariantGroup section */
		EE2F0CD32235EFCD0040941A /* Main.storyboard */ = {
			isa = PBXVariantGroup;
			children = (
				EE2F0CD42235EFCD0040941A /* Base */,
			);
			name = Main.storyboard;
			sourceTree = "<group>";
		};
		EE2F0CD82235EFD10040941A /* LaunchScreen.storyboard */ = {
			isa = PBXVariantGroup;
			children = (
				EE2F0CD92235EFD10040941A /* Base */,
			);
			name = LaunchScreen.storyboard;
			sourceTree = "<group>";
		};
/* End PBXVariantGroup section */

/* Begin XCBuildConfiguration section */
		EE2F0CF22235EFD10040941A /* Debug */ = {
			isa = XCBuildConfiguration;
			buildSettings = {
				ALWAYS_SEARCH_USER_PATHS = NO;
				CLANG_ANALYZER_NONNULL = YES;
				CLANG_ANALYZER_NUMBER_OBJECT_CONVERSION = YES_AGGRESSIVE;
				CLANG_CXX_LANGUAGE_STANDARD = "gnu++14";
				CLANG_CXX_LIBRARY = "libc++";
				CLANG_ENABLE_MODULES = YES;
				CLANG_ENABLE_OBJC_ARC = YES;
				CLANG_ENABLE_OBJC_WEAK = YES;
				CLANG_WARN_BLOCK_CAPTURE_AUTORELEASING = YES;
				CLANG_WARN_BOOL_CONVERSION = YES;
				CLANG_WARN_COMMA = YES;
				CLANG_WARN_CONSTANT_CONVERSION = YES;
				CLANG_WARN_DEPRECATED_OBJC_IMPLEMENTATIONS = YES;
				CLANG_WARN_DIRECT_OBJC_ISA_USAGE = YES_ERROR;
				CLANG_WARN_DOCUMENTATION_COMMENTS = YES;
				CLANG_WARN_EMPTY_BODY = YES;
				CLANG_WARN_ENUM_CONVERSION = YES;
				CLANG_WARN_INFINITE_RECURSION = YES;
				CLANG_WARN_INT_CONVERSION = YES;
				CLANG_WARN_NON_LITERAL_NULL_CONVERSION = YES;
				CLANG_WARN_OBJC_IMPLICIT_RETAIN_SELF = YES;
				CLANG_WARN_OBJC_LITERAL_CONVERSION = YES;
				CLANG_WARN_OBJC_ROOT_CLASS = YES_ERROR;
				CLANG_WARN_RANGE_LOOP_ANALYSIS = YES;
				CLANG_WARN_STRICT_PROTOTYPES = YES;
				CLANG_WARN_SUSPICIOUS_MOVE = YES;
				CLANG_WARN_UNGUARDED_AVAILABILITY = YES_AGGRESSIVE;
				CLANG_WARN_UNREACHABLE_CODE = YES;
				CLANG_WARN__DUPLICATE_METHOD_MATCH = YES;
				CODE_SIGN_IDENTITY = "iPhone Developer";
				COPY_PHASE_STRIP = NO;
				DEBUG_INFORMATION_FORMAT = dwarf;
				ENABLE_STRICT_OBJC_MSGSEND = YES;
				ENABLE_TESTABILITY = YES;
				GCC_C_LANGUAGE_STANDARD = gnu11;
				GCC_DYNAMIC_NO_PIC = NO;
				GCC_NO_COMMON_BLOCKS = YES;
				GCC_OPTIMIZATION_LEVEL = 0;
				GCC_PREPROCESSOR_DEFINITIONS = (
					"DEBUG=1",
					"$(inherited)",
				);
				GCC_WARN_64_TO_32_BIT_CONVERSION = YES;
				GCC_WARN_ABOUT_RETURN_TYPE = YES_ERROR;
				GCC_WARN_UNDECLARED_SELECTOR = YES;
				GCC_WARN_UNINITIALIZED_AUTOS = YES_AGGRESSIVE;
				GCC_WARN_UNUSED_FUNCTION = YES;
				GCC_WARN_UNUSED_VARIABLE = YES;
				IPHONEOS_DEPLOYMENT_TARGET = 12.1;
				MTL_ENABLE_DEBUG_INFO = INCLUDE_SOURCE;
				MTL_FAST_MATH = YES;
				ONLY_ACTIVE_ARCH = YES;
				SDKROOT = iphoneos;
				SWIFT_ACTIVE_COMPILATION_CONDITIONS = DEBUG;
				SWIFT_OPTIMIZATION_LEVEL = "-Onone";
			};
			name = Debug;
		};
		EE2F0CF32235EFD10040941A /* Release */ = {
			isa = XCBuildConfiguration;
			buildSettings = {
				ALWAYS_SEARCH_USER_PATHS = NO;
				CLANG_ANALYZER_NONNULL = YES;
				CLANG_ANALYZER_NUMBER_OBJECT_CONVERSION = YES_AGGRESSIVE;
				CLANG_CXX_LANGUAGE_STANDARD = "gnu++14";
				CLANG_CXX_LIBRARY = "libc++";
				CLANG_ENABLE_MODULES = YES;
				CLANG_ENABLE_OBJC_ARC = YES;
				CLANG_ENABLE_OBJC_WEAK = YES;
				CLANG_WARN_BLOCK_CAPTURE_AUTORELEASING = YES;
				CLANG_WARN_BOOL_CONVERSION = YES;
				CLANG_WARN_COMMA = YES;
				CLANG_WARN_CONSTANT_CONVERSION = YES;
				CLANG_WARN_DEPRECATED_OBJC_IMPLEMENTATIONS = YES;
				CLANG_WARN_DIRECT_OBJC_ISA_USAGE = YES_ERROR;
				CLANG_WARN_DOCUMENTATION_COMMENTS = YES;
				CLANG_WARN_EMPTY_BODY = YES;
				CLANG_WARN_ENUM_CONVERSION = YES;
				CLANG_WARN_INFINITE_RECURSION = YES;
				CLANG_WARN_INT_CONVERSION = YES;
				CLANG_WARN_NON_LITERAL_NULL_CONVERSION = YES;
				CLANG_WARN_OBJC_IMPLICIT_RETAIN_SELF = YES;
				CLANG_WARN_OBJC_LITERAL_CONVERSION = YES;
				CLANG_WARN_OBJC_ROOT_CLASS = YES_ERROR;
				CLANG_WARN_RANGE_LOOP_ANALYSIS = YES;
				CLANG_WARN_STRICT_PROTOTYPES = YES;
				CLANG_WARN_SUSPICIOUS_MOVE = YES;
				CLANG_WARN_UNGUARDED_AVAILABILITY = YES_AGGRESSIVE;
				CLANG_WARN_UNREACHABLE_CODE = YES;
				CLANG_WARN__DUPLICATE_METHOD_MATCH = YES;
				CODE_SIGN_IDENTITY = "iPhone Developer";
				COPY_PHASE_STRIP = NO;
				DEBUG_INFORMATION_FORMAT = "dwarf-with-dsym";
				ENABLE_NS_ASSERTIONS = NO;
				ENABLE_STRICT_OBJC_MSGSEND = YES;
				GCC_C_LANGUAGE_STANDARD = gnu11;
				GCC_NO_COMMON_BLOCKS = YES;
				GCC_WARN_64_TO_32_BIT_CONVERSION = YES;
				GCC_WARN_ABOUT_RETURN_TYPE = YES_ERROR;
				GCC_WARN_UNDECLARED_SELECTOR = YES;
				GCC_WARN_UNINITIALIZED_AUTOS = YES_AGGRESSIVE;
				GCC_WARN_UNUSED_FUNCTION = YES;
				GCC_WARN_UNUSED_VARIABLE = YES;
				IPHONEOS_DEPLOYMENT_TARGET = 12.1;
				MTL_ENABLE_DEBUG_INFO = NO;
				MTL_FAST_MATH = YES;
				SDKROOT = iphoneos;
				SWIFT_COMPILATION_MODE = wholemodule;
				SWIFT_OPTIMIZATION_LEVEL = "-O";
				VALIDATE_PRODUCT = YES;
			};
			name = Release;
		};
		EE2F0CF52235EFD10040941A /* Debug */ = {
			isa = XCBuildConfiguration;
			buildSettings = {
				ASSETCATALOG_COMPILER_APPICON_NAME = AppIcon;
				CODE_SIGN_STYLE = Automatic;
				INFOPLIST_FILE = project1/Info.plist;
				LD_RUNPATH_SEARCH_PATHS = (
					"$(inherited)",
					"@executable_path/Frameworks",
				);
				PRODUCT_BUNDLE_IDENTIFIER = Syed.project1;
				PRODUCT_NAME = "$(TARGET_NAME)";
				SWIFT_VERSION = 4.2;
				TARGETED_DEVICE_FAMILY = "1,2";
			};
			name = Debug;
		};
		EE2F0CF62235EFD10040941A /* Release */ = {
			isa = XCBuildConfiguration;
			buildSettings = {
				ASSETCATALOG_COMPILER_APPICON_NAME = AppIcon;
				CODE_SIGN_STYLE = Automatic;
				INFOPLIST_FILE = project1/Info.plist;
				LD_RUNPATH_SEARCH_PATHS = (
					"$(inherited)",
					"@executable_path/Frameworks",
				);
				PRODUCT_BUNDLE_IDENTIFIER = Syed.project1;
				PRODUCT_NAME = "$(TARGET_NAME)";
				SWIFT_VERSION = 4.2;
				TARGETED_DEVICE_FAMILY = "1,2";
			};
			name = Release;
		};
		EE2F0CF82235EFD10040941A /* Debug */ = {
			isa = XCBuildConfiguration;
			buildSettings = {
				ALWAYS_EMBED_SWIFT_STANDARD_LIBRARIES = YES;
				BUNDLE_LOADER = "$(TEST_HOST)";
				CODE_SIGN_STYLE = Automatic;
				INFOPLIST_FILE = project1Tests/Info.plist;
				LD_RUNPATH_SEARCH_PATHS = (
					"$(inherited)",
					"@executable_path/Frameworks",
					"@loader_path/Frameworks",
				);
				PRODUCT_BUNDLE_IDENTIFIER = Syed.project1Tests;
				PRODUCT_NAME = "$(TARGET_NAME)";
				SWIFT_VERSION = 4.2;
				TARGETED_DEVICE_FAMILY = "1,2";
				TEST_HOST = "$(BUILT_PRODUCTS_DIR)/project1.app/project1";
			};
			name = Debug;
		};
		EE2F0CF92235EFD10040941A /* Release */ = {
			isa = XCBuildConfiguration;
			buildSettings = {
				ALWAYS_EMBED_SWIFT_STANDARD_LIBRARIES = YES;
				BUNDLE_LOADER = "$(TEST_HOST)";
				CODE_SIGN_STYLE = Automatic;
				INFOPLIST_FILE = project1Tests/Info.plist;
				LD_RUNPATH_SEARCH_PATHS = (
					"$(inherited)",
					"@executable_path/Frameworks",
					"@loader_path/Frameworks",
				);
				PRODUCT_BUNDLE_IDENTIFIER = Syed.project1Tests;
				PRODUCT_NAME = "$(TARGET_NAME)";
				SWIFT_VERSION = 4.2;
				TARGETED_DEVICE_FAMILY = "1,2";
				TEST_HOST = "$(BUILT_PRODUCTS_DIR)/project1.app/project1";
			};
			name = Release;
		};
		EE2F0CFB2235EFD10040941A /* Debug */ = {
			isa = XCBuildConfiguration;
			buildSettings = {
				ALWAYS_EMBED_SWIFT_STANDARD_LIBRARIES = YES;
				CODE_SIGN_STYLE = Automatic;
				INFOPLIST_FILE = project1UITests/Info.plist;
				LD_RUNPATH_SEARCH_PATHS = (
					"$(inherited)",
					"@executable_path/Frameworks",
					"@loader_path/Frameworks",
				);
				PRODUCT_BUNDLE_IDENTIFIER = Syed.project1UITests;
				PRODUCT_NAME = "$(TARGET_NAME)";
				SWIFT_VERSION = 4.2;
				TARGETED_DEVICE_FAMILY = "1,2";
				TEST_TARGET_NAME = project1;
			};
			name = Debug;
		};
		EE2F0CFC2235EFD10040941A /* Release */ = {
			isa = XCBuildConfiguration;
			buildSettings = {
				ALWAYS_EMBED_SWIFT_STANDARD_LIBRARIES = YES;
				CODE_SIGN_STYLE = Automatic;
				INFOPLIST_FILE = project1UITests/Info.plist;
				LD_RUNPATH_SEARCH_PATHS = (
					"$(inherited)",
					"@executable_path/Frameworks",
					"@loader_path/Frameworks",
				);
				PRODUCT_BUNDLE_IDENTIFIER = Syed.project1UITests;
				PRODUCT_NAME = "$(TARGET_NAME)";
				SWIFT_VERSION = 4.2;
				TARGETED_DEVICE_FAMILY = "1,2";
				TEST_TARGET_NAME = project1;
			};
			name = Release;
		};
/* End XCBuildConfiguration section */

/* Begin XCConfigurationList section */
		EE2F0CC72235EFCD0040941A /* Build configuration list for PBXProject "project1" */ = {
			isa = XCConfigurationList;
			buildConfigurations = (
				EE2F0CF22235EFD10040941A /* Debug */,
				EE2F0CF32235EFD10040941A /* Release */,
			);
			defaultConfigurationIsVisible = 0;
			defaultConfigurationName = Release;
		};
		EE2F0CF42235EFD10040941A /* Build configuration list for PBXNativeTarget "project1" */ = {
			isa = XCConfigurationList;
			buildConfigurations = (
				EE2F0CF52235EFD10040941A /* Debug */,
				EE2F0CF62235EFD10040941A /* Release */,
			);
			defaultConfigurationIsVisible = 0;
			defaultConfigurationName = Release;
		};
		EE2F0CF72235EFD10040941A /* Build configuration list for PBXNativeTarget "project1Tests" */ = {
			isa = XCConfigurationList;
			buildConfigurations = (
				EE2F0CF82235EFD10040941A /* Debug */,
				EE2F0CF92235EFD10040941A /* Release */,
			);
			defaultConfigurationIsVisible = 0;
			defaultConfigurationName = Release;
		};
		EE2F0CFA2235EFD10040941A /* Build configuration list for PBXNativeTarget "project1UITests" */ = {
			isa = XCConfigurationList;
			buildConfigurations = (
				EE2F0CFB2235EFD10040941A /* Debug */,
				EE2F0CFC2235EFD10040941A /* Release */,
			);
			defaultConfigurationIsVisible = 0;
			defaultConfigurationName = Release;
		};
/* End XCConfigurationList section */
	};
	rootObject = EE2F0CC42235EFCD0040941A /* Project object */;
}
